{
  "version": 4,
  "terraform_version": "1.6.5",
  "serial": 7,
  "lineage": "fb8d688b-df51-d89a-edd1-7c09ec78fbb5",
  "outputs": {
    "environment": {
      "value": "default",
      "type": "string"
    },
    "instances": {
      "value": [
        {
          "ip": "35.227.77.148",
          "name": "vm-instance-0-default"
        },
        {
          "ip": "34.23.92.129",
          "name": "vm-instance-1-default"
        }
      ],
      "type": [
        "tuple",
        [
          [
            "object",
            {
              "ip": "string",
              "name": "string"
            }
          ],
          [
            "object",
            {
              "ip": "string",
              "name": "string"
            }
          ]
        ]
      ]
    },
    "load_balancer_ip": {
      "value": "35.231.30.216",
      "type": "string"
    }
  },
  "resources": [
    {
      "module": "module.load_balancer",
      "mode": "data",
      "type": "google_compute_network",
      "name": "default_vpc",
      "provider": "module.load_balancer.provider[\"registry.terraform.io/hashicorp/google\"]",
      "instances": [
        {
          "schema_version": 0,
          "attributes": {
            "description": "Default network for the project",
            "gateway_ipv4": "",
            "id": "projects/loadbalancer-408114/global/networks/default",
            "name": "default",
            "project": null,
            "self_link": "https://www.googleapis.com/compute/v1/projects/loadbalancer-408114/global/networks/default",
            "subnetworks_self_links": [
              "https://www.googleapis.com/compute/v1/projects/loadbalancer-408114/regions/asia-south2/subnetworks/default",
              "https://www.googleapis.com/compute/v1/projects/loadbalancer-408114/regions/us-west2/subnetworks/default",
              "https://www.googleapis.com/compute/v1/projects/loadbalancer-408114/regions/europe-west8/subnetworks/default",
              "https://www.googleapis.com/compute/v1/projects/loadbalancer-408114/regions/me-central1/subnetworks/default",
              "https://www.googleapis.com/compute/v1/projects/loadbalancer-408114/regions/europe-west6/subnetworks/default",
              "https://www.googleapis.com/compute/v1/projects/loadbalancer-408114/regions/asia-northeast1/subnetworks/default",
              "https://www.googleapis.com/compute/v1/projects/loadbalancer-408114/regions/australia-southeast2/subnetworks/default",
              "https://www.googleapis.com/compute/v1/projects/loadbalancer-408114/regions/us-west4/subnetworks/default",
              "https://www.googleapis.com/compute/v1/projects/loadbalancer-408114/regions/us-east1/subnetworks/default",
              "https://www.googleapis.com/compute/v1/projects/loadbalancer-408114/regions/europe-southwest1/subnetworks/default",
              "https://www.googleapis.com/compute/v1/projects/loadbalancer-408114/regions/asia-northeast3/subnetworks/default",
              "https://www.googleapis.com/compute/v1/projects/loadbalancer-408114/regions/europe-west2/subnetworks/default",
              "https://www.googleapis.com/compute/v1/projects/loadbalancer-408114/regions/me-west1/subnetworks/default",
              "https://www.googleapis.com/compute/v1/projects/loadbalancer-408114/regions/me-central2/subnetworks/default",
              "https://www.googleapis.com/compute/v1/projects/loadbalancer-408114/regions/asia-east1/subnetworks/default",
              "https://www.googleapis.com/compute/v1/projects/loadbalancer-408114/regions/us-east4/subnetworks/default",
              "https://www.googleapis.com/compute/v1/projects/loadbalancer-408114/regions/us-west3/subnetworks/default",
              "https://www.googleapis.com/compute/v1/projects/loadbalancer-408114/regions/asia-southeast1/subnetworks/default",
              "https://www.googleapis.com/compute/v1/projects/loadbalancer-408114/regions/northamerica-northeast2/subnetworks/default",
              "https://www.googleapis.com/compute/v1/projects/loadbalancer-408114/regions/europe-west9/subnetworks/default",
              "https://www.googleapis.com/compute/v1/projects/loadbalancer-408114/regions/northamerica-northeast1/subnetworks/default",
              "https://www.googleapis.com/compute/v1/projects/loadbalancer-408114/regions/us-west1/subnetworks/default",
              "https://www.googleapis.com/compute/v1/projects/loadbalancer-408114/regions/asia-southeast2/subnetworks/default",
              "https://www.googleapis.com/compute/v1/projects/loadbalancer-408114/regions/europe-west3/subnetworks/default",
              "https://www.googleapis.com/compute/v1/projects/loadbalancer-408114/regions/europe-central2/subnetworks/default",
              "https://www.googleapis.com/compute/v1/projects/loadbalancer-408114/regions/us-east5/subnetworks/default",
              "https://www.googleapis.com/compute/v1/projects/loadbalancer-408114/regions/asia-east2/subnetworks/default",
              "https://www.googleapis.com/compute/v1/projects/loadbalancer-408114/regions/europe-west1/subnetworks/default",
              "https://www.googleapis.com/compute/v1/projects/loadbalancer-408114/regions/asia-northeast2/subnetworks/default",
              "https://www.googleapis.com/compute/v1/projects/loadbalancer-408114/regions/europe-west10/subnetworks/default",
              "https://www.googleapis.com/compute/v1/projects/loadbalancer-408114/regions/southamerica-west1/subnetworks/default",
              "https://www.googleapis.com/compute/v1/projects/loadbalancer-408114/regions/asia-south1/subnetworks/default",
              "https://www.googleapis.com/compute/v1/projects/loadbalancer-408114/regions/europe-north1/subnetworks/default",
              "https://www.googleapis.com/compute/v1/projects/loadbalancer-408114/regions/europe-west4/subnetworks/default",
              "https://www.googleapis.com/compute/v1/projects/loadbalancer-408114/regions/australia-southeast1/subnetworks/default",
              "https://www.googleapis.com/compute/v1/projects/loadbalancer-408114/regions/southamerica-east1/subnetworks/default",
              "https://www.googleapis.com/compute/v1/projects/loadbalancer-408114/regions/us-central1/subnetworks/default",
              "https://www.googleapis.com/compute/v1/projects/loadbalancer-408114/regions/europe-west12/subnetworks/default",
              "https://www.googleapis.com/compute/v1/projects/loadbalancer-408114/regions/us-south1/subnetworks/default"
            ]
          },
          "sensitive_attributes": []
        }
      ]
    },
    {
      "module": "module.load_balancer",
      "mode": "data",
      "type": "google_compute_zones",
      "name": "available",
      "provider": "module.load_balancer.provider[\"registry.terraform.io/hashicorp/google\"]",
      "instances": [
        {
          "schema_version": 0,
          "attributes": {
            "id": "projects/loadbalancer-408114/regions/us-east1",
            "names": [
              "us-east1-b",
              "us-east1-c",
              "us-east1-d"
            ],
            "project": "loadbalancer-408114",
            "region": "us-east1",
            "status": null
          },
          "sensitive_attributes": []
        }
      ]
    },
    {
      "module": "module.load_balancer",
      "mode": "managed",
      "type": "google_compute_firewall",
      "name": "allow_ipv4",
      "provider": "module.load_balancer.provider[\"registry.terraform.io/hashicorp/google\"]",
      "instances": [
        {
          "schema_version": 1,
          "attributes": {
            "allow": [
              {
                "ports": [
                  "80"
                ],
                "protocol": "tcp"
              }
            ],
            "creation_timestamp": "2023-12-14T06:32:28.114-08:00",
            "deny": [],
            "description": "",
            "destination_ranges": [],
            "direction": "INGRESS",
            "disabled": false,
            "enable_logging": null,
            "id": "projects/loadbalancer-408114/global/firewalls/default-allow-http",
            "log_config": [],
            "name": "default-allow-http",
            "network": "https://www.googleapis.com/compute/v1/projects/loadbalancer-408114/global/networks/default",
            "priority": 1000,
            "project": "loadbalancer-408114",
            "self_link": "https://www.googleapis.com/compute/v1/projects/loadbalancer-408114/global/firewalls/default-allow-http",
            "source_ranges": [
              "0.0.0.0/0"
            ],
            "source_service_accounts": null,
            "source_tags": null,
            "target_service_accounts": null,
            "target_tags": null,
            "timeouts": null
          },
          "sensitive_attributes": [],
          "private": "eyJlMmJmYjczMC1lY2FhLTExZTYtOGY4OC0zNDM2M2JjN2M0YzAiOnsiY3JlYXRlIjoxMjAwMDAwMDAwMDAwLCJkZWxldGUiOjEyMDAwMDAwMDAwMDAsInVwZGF0ZSI6MTIwMDAwMDAwMDAwMH0sInNjaGVtYV92ZXJzaW9uIjoiMSJ9",
          "dependencies": [
            "module.load_balancer.data.google_compute_network.default_vpc",
            "module.load_balancer.google_compute_network.vpc_network"
          ]
        }
      ]
    },
    {
      "module": "module.load_balancer",
      "mode": "managed",
      "type": "google_compute_forwarding_rule",
      "name": "network-load-balancer",
      "provider": "module.load_balancer.provider[\"registry.terraform.io/hashicorp/google\"]",
      "instances": [
        {
          "schema_version": 0,
          "attributes": {
            "all_ports": false,
            "allow_global_access": false,
            "backend_service": "",
            "creation_timestamp": "2023-12-14T06:33:00.870-08:00",
            "description": "",
            "id": "projects/loadbalancer-408114/regions/us-east1/forwardingRules/nlb-test-default",
            "ip_address": "35.231.30.216",
            "ip_protocol": "TCP",
            "is_mirroring_collector": false,
            "label_fingerprint": "42WmSpB8rSM=",
            "labels": null,
            "load_balancing_scheme": "EXTERNAL",
            "name": "nlb-test-default",
            "network": "",
            "network_tier": "PREMIUM",
            "port_range": "80",
            "ports": null,
            "project": "loadbalancer-408114",
            "psc_connection_id": "",
            "psc_connection_status": "",
            "region": "us-east1",
            "self_link": "https://www.googleapis.com/compute/v1/projects/loadbalancer-408114/regions/us-east1/forwardingRules/nlb-test-default",
            "service_directory_registrations": [],
            "service_label": "",
            "service_name": "",
            "subnetwork": "",
            "target": "https://www.googleapis.com/compute/v1/projects/loadbalancer-408114/regions/us-east1/targetPools/nlb-target-pool-default",
            "timeouts": null
          },
          "sensitive_attributes": [],
          "private": "eyJlMmJmYjczMC1lY2FhLTExZTYtOGY4OC0zNDM2M2JjN2M0YzAiOnsiY3JlYXRlIjoxMjAwMDAwMDAwMDAwLCJkZWxldGUiOjEyMDAwMDAwMDAwMDAsInVwZGF0ZSI6MTIwMDAwMDAwMDAwMH19",
          "dependencies": [
            "module.load_balancer.data.google_compute_network.default_vpc",
            "module.load_balancer.data.google_compute_zones.available",
            "module.load_balancer.google_compute_http_health_check.nlb-hc",
            "module.load_balancer.google_compute_instance.vm_example",
            "module.load_balancer.google_compute_network.vpc_network",
            "module.load_balancer.google_compute_target_pool.nlb-target-pool"
          ]
        }
      ]
    },
    {
      "module": "module.load_balancer",
      "mode": "managed",
      "type": "google_compute_http_health_check",
      "name": "nlb-hc",
      "provider": "module.load_balancer.provider[\"registry.terraform.io/hashicorp/google\"]",
      "instances": [
        {
          "schema_version": 0,
          "attributes": {
            "check_interval_sec": 10,
            "creation_timestamp": "2023-12-14T06:32:28.044-08:00",
            "description": "",
            "healthy_threshold": 2,
            "host": "",
            "id": "projects/loadbalancer-408114/global/httpHealthChecks/nlb-health-checks-default",
            "name": "nlb-health-checks-default",
            "port": 80,
            "project": "loadbalancer-408114",
            "request_path": "/",
            "self_link": "https://www.googleapis.com/compute/v1/projects/loadbalancer-408114/global/httpHealthChecks/nlb-health-checks-default",
            "timeout_sec": 3,
            "timeouts": null,
            "unhealthy_threshold": 2
          },
          "sensitive_attributes": [],
          "private": "eyJlMmJmYjczMC1lY2FhLTExZTYtOGY4OC0zNDM2M2JjN2M0YzAiOnsiY3JlYXRlIjoxMjAwMDAwMDAwMDAwLCJkZWxldGUiOjEyMDAwMDAwMDAwMDAsInVwZGF0ZSI6MTIwMDAwMDAwMDAwMH19"
        }
      ]
    },
    {
      "module": "module.load_balancer",
      "mode": "managed",
      "type": "google_compute_instance",
      "name": "vm_example",
      "provider": "module.load_balancer.provider[\"registry.terraform.io/hashicorp/google\"]",
      "instances": [
        {
          "index_key": 0,
          "schema_version": 6,
          "attributes": {
            "advanced_machine_features": [],
            "allow_stopping_for_update": null,
            "attached_disk": [],
            "boot_disk": [
              {
                "auto_delete": true,
                "device_name": "persistent-disk-0",
                "disk_encryption_key_raw": "",
                "disk_encryption_key_sha256": "",
                "initialize_params": [
                  {
                    "image": "https://www.googleapis.com/compute/v1/projects/debian-cloud/global/images/debian-11-bullseye-v20231212",
                    "labels": {},
                    "size": 10,
                    "type": "pd-standard"
                  }
                ],
                "kms_key_self_link": "",
                "mode": "READ_WRITE",
                "source": "https://www.googleapis.com/compute/v1/projects/loadbalancer-408114/zones/us-east1-b/disks/vm-instance-0-default"
              }
            ],
            "can_ip_forward": false,
            "confidential_instance_config": [],
            "cpu_platform": "Intel Broadwell",
            "current_status": "RUNNING",
            "deletion_protection": false,
            "description": "",
            "desired_status": null,
            "enable_display": false,
            "guest_accelerator": [],
            "hostname": "",
            "id": "projects/loadbalancer-408114/zones/us-east1-b/instances/vm-instance-0-default",
            "instance_id": "495993426472775441",
            "label_fingerprint": "42WmSpB8rSM=",
            "labels": null,
            "machine_type": "e2-micro",
            "metadata": {
              "startup-script": "sudo apt update;\r\nsudo apt -y install apache2;\r\nsudo chown -R $USER:$USER /var/www;\r\necho \"\u003chtml\u003e\u003cbody\u003e\u003ch1\u003eHello From vm-instance-0\u003c/h1\u003e\u003c/body\u003e\u003c/html\u003e\" \u003e /var/www/html/index.html;\r\n"
            },
            "metadata_fingerprint": "hh9WoYdOQBc=",
            "metadata_startup_script": null,
            "min_cpu_platform": "",
            "name": "vm-instance-0-default",
            "network_interface": [
              {
                "access_config": [
                  {
                    "nat_ip": "35.227.77.148",
                    "network_tier": "PREMIUM",
                    "public_ptr_domain_name": ""
                  }
                ],
                "alias_ip_range": [],
                "ipv6_access_config": [],
                "ipv6_access_type": "",
                "name": "nic0",
                "network": "https://www.googleapis.com/compute/v1/projects/loadbalancer-408114/global/networks/default",
                "network_ip": "10.142.0.2",
                "nic_type": "",
                "queue_count": 0,
                "stack_type": "IPV4_ONLY",
                "subnetwork": "https://www.googleapis.com/compute/v1/projects/loadbalancer-408114/regions/us-east1/subnetworks/default",
                "subnetwork_project": "loadbalancer-408114"
              }
            ],
            "project": "loadbalancer-408114",
            "reservation_affinity": [],
            "resource_policies": null,
            "scheduling": [
              {
                "automatic_restart": true,
                "min_node_cpus": 0,
                "node_affinities": [],
                "on_host_maintenance": "MIGRATE",
                "preemptible": false,
                "provisioning_model": "STANDARD"
              }
            ],
            "scratch_disk": [],
            "self_link": "https://www.googleapis.com/compute/v1/projects/loadbalancer-408114/zones/us-east1-b/instances/vm-instance-0-default",
            "service_account": [],
            "shielded_instance_config": [
              {
                "enable_integrity_monitoring": true,
                "enable_secure_boot": false,
                "enable_vtpm": true
              }
            ],
            "tags": null,
            "tags_fingerprint": "42WmSpB8rSM=",
            "timeouts": null,
            "zone": "us-east1-b"
          },
          "sensitive_attributes": [],
          "private": "eyJlMmJmYjczMC1lY2FhLTExZTYtOGY4OC0zNDM2M2JjN2M0YzAiOnsiY3JlYXRlIjoxMjAwMDAwMDAwMDAwLCJkZWxldGUiOjEyMDAwMDAwMDAwMDAsInVwZGF0ZSI6MTIwMDAwMDAwMDAwMH0sInNjaGVtYV92ZXJzaW9uIjoiNiJ9",
          "dependencies": [
            "module.load_balancer.data.google_compute_network.default_vpc",
            "module.load_balancer.data.google_compute_zones.available",
            "module.load_balancer.google_compute_network.vpc_network"
          ]
        },
        {
          "index_key": 1,
          "schema_version": 6,
          "attributes": {
            "advanced_machine_features": [],
            "allow_stopping_for_update": null,
            "attached_disk": [],
            "boot_disk": [
              {
                "auto_delete": true,
                "device_name": "persistent-disk-0",
                "disk_encryption_key_raw": "",
                "disk_encryption_key_sha256": "",
                "initialize_params": [
                  {
                    "image": "https://www.googleapis.com/compute/v1/projects/debian-cloud/global/images/debian-11-bullseye-v20231212",
                    "labels": {},
                    "size": 10,
                    "type": "pd-standard"
                  }
                ],
                "kms_key_self_link": "",
                "mode": "READ_WRITE",
                "source": "https://www.googleapis.com/compute/v1/projects/loadbalancer-408114/zones/us-east1-b/disks/vm-instance-1-default"
              }
            ],
            "can_ip_forward": false,
            "confidential_instance_config": [],
            "cpu_platform": "Intel Broadwell",
            "current_status": "RUNNING",
            "deletion_protection": false,
            "description": "",
            "desired_status": null,
            "enable_display": false,
            "guest_accelerator": [],
            "hostname": "",
            "id": "projects/loadbalancer-408114/zones/us-east1-b/instances/vm-instance-1-default",
            "instance_id": "5247355311829200657",
            "label_fingerprint": "42WmSpB8rSM=",
            "labels": null,
            "machine_type": "e2-micro",
            "metadata": {
              "startup-script": "sudo apt update;\r\nsudo apt -y install apache2;\r\nsudo chown -R $USER:$USER /var/www;\r\necho \"\u003chtml\u003e\u003cbody\u003e\u003ch1\u003eHello From vm-instance-1\u003c/h1\u003e\u003c/body\u003e\u003c/html\u003e\" \u003e /var/www/html/index.html;\r\n"
            },
            "metadata_fingerprint": "7J4AFJwFiLk=",
            "metadata_startup_script": null,
            "min_cpu_platform": "",
            "name": "vm-instance-1-default",
            "network_interface": [
              {
                "access_config": [
                  {
                    "nat_ip": "34.23.92.129",
                    "network_tier": "PREMIUM",
                    "public_ptr_domain_name": ""
                  }
                ],
                "alias_ip_range": [],
                "ipv6_access_config": [],
                "ipv6_access_type": "",
                "name": "nic0",
                "network": "https://www.googleapis.com/compute/v1/projects/loadbalancer-408114/global/networks/default",
                "network_ip": "10.142.0.3",
                "nic_type": "",
                "queue_count": 0,
                "stack_type": "IPV4_ONLY",
                "subnetwork": "https://www.googleapis.com/compute/v1/projects/loadbalancer-408114/regions/us-east1/subnetworks/default",
                "subnetwork_project": "loadbalancer-408114"
              }
            ],
            "project": "loadbalancer-408114",
            "reservation_affinity": [],
            "resource_policies": null,
            "scheduling": [
              {
                "automatic_restart": true,
                "min_node_cpus": 0,
                "node_affinities": [],
                "on_host_maintenance": "MIGRATE",
                "preemptible": false,
                "provisioning_model": "STANDARD"
              }
            ],
            "scratch_disk": [],
            "self_link": "https://www.googleapis.com/compute/v1/projects/loadbalancer-408114/zones/us-east1-b/instances/vm-instance-1-default",
            "service_account": [],
            "shielded_instance_config": [
              {
                "enable_integrity_monitoring": true,
                "enable_secure_boot": false,
                "enable_vtpm": true
              }
            ],
            "tags": null,
            "tags_fingerprint": "42WmSpB8rSM=",
            "timeouts": null,
            "zone": "us-east1-b"
          },
          "sensitive_attributes": [],
          "private": "eyJlMmJmYjczMC1lY2FhLTExZTYtOGY4OC0zNDM2M2JjN2M0YzAiOnsiY3JlYXRlIjoxMjAwMDAwMDAwMDAwLCJkZWxldGUiOjEyMDAwMDAwMDAwMDAsInVwZGF0ZSI6MTIwMDAwMDAwMDAwMH0sInNjaGVtYV92ZXJzaW9uIjoiNiJ9",
          "dependencies": [
            "module.load_balancer.data.google_compute_network.default_vpc",
            "module.load_balancer.data.google_compute_zones.available",
            "module.load_balancer.google_compute_network.vpc_network"
          ]
        }
      ]
    },
    {
      "module": "module.load_balancer",
      "mode": "managed",
      "type": "google_compute_target_pool",
      "name": "nlb-target-pool",
      "provider": "module.load_balancer.provider[\"registry.terraform.io/hashicorp/google\"]",
      "instances": [
        {
          "schema_version": 0,
          "attributes": {
            "backup_pool": "",
            "description": "",
            "failover_ratio": 0,
            "health_checks": [
              "https://www.googleapis.com/compute/v1/projects/loadbalancer-408114/global/httpHealthChecks/nlb-health-checks-default"
            ],
            "id": "projects/loadbalancer-408114/regions/us-east1/targetPools/nlb-target-pool-default",
            "instances": [
              "us-east1-b/vm-instance-0-default",
              "us-east1-b/vm-instance-1-default"
            ],
            "name": "nlb-target-pool-default",
            "project": "loadbalancer-408114",
            "region": "us-east1",
            "self_link": "https://www.googleapis.com/compute/v1/projects/loadbalancer-408114/regions/us-east1/targetPools/nlb-target-pool-default",
            "session_affinity": "NONE",
            "timeouts": null
          },
          "sensitive_attributes": [],
          "private": "eyJlMmJmYjczMC1lY2FhLTExZTYtOGY4OC0zNDM2M2JjN2M0YzAiOnsiY3JlYXRlIjoyNDAwMDAwMDAwMDAsImRlbGV0ZSI6MjQwMDAwMDAwMDAwLCJ1cGRhdGUiOjI0MDAwMDAwMDAwMH19",
          "dependencies": [
            "module.load_balancer.data.google_compute_network.default_vpc",
            "module.load_balancer.data.google_compute_zones.available",
            "module.load_balancer.google_compute_http_health_check.nlb-hc",
            "module.load_balancer.google_compute_instance.vm_example",
            "module.load_balancer.google_compute_network.vpc_network"
          ]
        }
      ]
    }
  ],
  "check_results": null
}
